// !$*UTF8*$!
{
	archiveVersion = 1;
	classes = {
	};
	objectVersion = 50;
	objects = {

/* Begin PBXBuildFile section */
		F817E7F921CF2B2D0088E9F2 /* AppDelegate.swift in Sources */ = {isa = PBXBuildFile; fileRef = F817E7F821CF2B2D0088E9F2 /* AppDelegate.swift */; };
		F817E7FB21CF2B2D0088E9F2 /* ViewController.swift in Sources */ = {isa = PBXBuildFile; fileRef = F817E7FA21CF2B2D0088E9F2 /* ViewController.swift */; };
		F817E7FE21CF2B2D0088E9F2 /* Main.storyboard in Resources */ = {isa = PBXBuildFile; fileRef = F817E7FC21CF2B2D0088E9F2 /* Main.storyboard */; };
		F817E80021CF2B2E0088E9F2 /* Assets.xcassets in Resources */ = {isa = PBXBuildFile; fileRef = F817E7FF21CF2B2E0088E9F2 /* Assets.xcassets */; };
		F817E80321CF2B2E0088E9F2 /* LaunchScreen.storyboard in Resources */ = {isa = PBXBuildFile; fileRef = F817E80121CF2B2E0088E9F2 /* LaunchScreen.storyboard */; };
		F817E80E21CF2B2E0088E9F2 /* Tip_CalculatorTests.swift in Sources */ = {isa = PBXBuildFile; fileRef = F817E80D21CF2B2E0088E9F2 /* Tip_CalculatorTests.swift */; };
		F817E81921CF2B2E0088E9F2 /* Tip_CalculatorUITests.swift in Sources */ = {isa = PBXBuildFile; fileRef = F817E81821CF2B2E0088E9F2 /* Tip_CalculatorUITests.swift */; };
/* End PBXBuildFile section */

/* Begin PBXContainerItemProxy section */
		F817E80A21CF2B2E0088E9F2 /* PBXContainerItemProxy */ = {
			isa = PBXContainerItemProxy;
			containerPortal = F817E7ED21CF2B2D0088E9F2 /* Project object */;
			proxyType = 1;
			remoteGlobalIDString = F817E7F421CF2B2D0088E9F2;
			remoteInfo = Tip_Calculator;
		};
		F817E81521CF2B2E0088E9F2 /* PBXContainerItemProxy */ = {
			isa = PBXContainerItemProxy;
			containerPortal = F817E7ED21CF2B2D0088E9F2 /* Project object */;
			proxyType = 1;
			remoteGlobalIDString = F817E7F421CF2B2D0088E9F2;
			remoteInfo = Tip_Calculator;
		};
/* End PBXContainerItemProxy section */

/* Begin PBXFileReference section */
		F817E7F521CF2B2D0088E9F2 /* Tip_Calculator.app */ = {isa = PBXFileReference; explicitFileType = wrapper.application; includeInIndex = 0; path = Tip_Calculator.app; sourceTree = BUILT_PRODUCTS_DIR; };
		F817E7F821CF2B2D0088E9F2 /* AppDelegate.swift */ = {isa = PBXFileReference; lastKnownFileType = sourcecode.swift; path = AppDelegate.swift; sourceTree = "<group>"; };
		F817E7FA21CF2B2D0088E9F2 /* ViewController.swift */ = {isa = PBXFileReference; lastKnownFileType = sourcecode.swift; path = ViewController.swift; sourceTree = "<group>"; };
		F817E7FD21CF2B2D0088E9F2 /* Base */ = {isa = PBXFileReference; lastKnownFileType = file.storyboard; name = Base; path = Base.lproj/Main.storyboard; sourceTree = "<group>"; };
		F817E7FF21CF2B2E0088E9F2 /* Assets.xcassets */ = {isa = PBXFileReference; lastKnownFileType = folder.assetcatalog; path = Assets.xcassets; sourceTree = "<group>"; };
		F817E80221CF2B2E0088E9F2 /* Base */ = {isa = PBXFileReference; lastKnownFileType = file.storyboard; name = Base; path = Base.lproj/LaunchScreen.storyboard; sourceTree = "<group>"; };
		F817E80421CF2B2E0088E9F2 /* Info.plist */ = {isa = PBXFileReference; lastKnownFileType = text.plist.xml; path = Info.plist; sourceTree = "<group>"; };
		F817E80921CF2B2E0088E9F2 /* Tip_CalculatorTests.xctest */ = {isa = PBXFileReference; explicitFileType = wrapper.cfbundle; includeInIndex = 0; path = Tip_CalculatorTests.xctest; sourceTree = BUILT_PRODUCTS_DIR; };
		F817E80D21CF2B2E0088E9F2 /* Tip_CalculatorTests.swift */ = {isa = PBXFileReference; lastKnownFileType = sourcecode.swift; path = Tip_CalculatorTests.swift; sourceTree = "<group>"; };
		F817E80F21CF2B2E0088E9F2 /* Info.plist */ = {isa = PBXFileReference; lastKnownFileType = text.plist.xml; path = Info.plist; sourceTree = "<group>"; };
		F817E81421CF2B2E0088E9F2 /* Tip_CalculatorUITests.xctest */ = {isa = PBXFileReference; explicitFileType = wrapper.cfbundle; includeInIndex = 0; path = Tip_CalculatorUITests.xctest; sourceTree = BUILT_PRODUCTS_DIR; };
		F817E81821CF2B2E0088E9F2 /* Tip_CalculatorUITests.swift */ = {isa = PBXFileReference; lastKnownFileType = sourcecode.swift; path = Tip_CalculatorUITests.swift; sourceTree = "<group>"; };
		F817E81A21CF2B2E0088E9F2 /* Info.plist */ = {isa = PBXFileReference; lastKnownFileType = text.plist.xml; path = Info.plist; sourceTree = "<group>"; };
/* End PBXFileReference section */

/* Begin PBXFrameworksBuildPhase section */
		F817E7F221CF2B2D0088E9F2 /* Frameworks */ = {
			isa = PBXFrameworksBuildPhase;
			buildActionMask = 2147483647;
			files = (
			);
			runOnlyForDeploymentPostprocessing = 0;
		};
		F817E80621CF2B2E0088E9F2 /* Frameworks */ = {
			isa = PBXFrameworksBuildPhase;
			buildActionMask = 2147483647;
			files = (
			);
			runOnlyForDeploymentPostprocessing = 0;
		};
		F817E81121CF2B2E0088E9F2 /* Frameworks */ = {
			isa = PBXFrameworksBuildPhase;
			buildActionMask = 2147483647;
			files = (
			);
			runOnlyForDeploymentPostprocessing = 0;
		};
/* End PBXFrameworksBuildPhase section */

/* Begin PBXGroup section */
		F817E7EC21CF2B2D0088E9F2 = {
			isa = PBXGroup;
			children = (
				F817E7F721CF2B2D0088E9F2 /* Tip_Calculator */,
				F817E80C21CF2B2E0088E9F2 /* Tip_CalculatorTests */,
				F817E81721CF2B2E0088E9F2 /* Tip_CalculatorUITests */,
				F817E7F621CF2B2D0088E9F2 /* Products */,
			);
			sourceTree = "<group>";
		};
		F817E7F621CF2B2D0088E9F2 /* Products */ = {
			isa = PBXGroup;
			children = (
				F817E7F521CF2B2D0088E9F2 /* Tip_Calculator.app */,
				F817E80921CF2B2E0088E9F2 /* Tip_CalculatorTests.xctest */,
				F817E81421CF2B2E0088E9F2 /* Tip_CalculatorUITests.xctest */,
			);
			name = Products;
			sourceTree = "<group>";
		};
		F817E7F721CF2B2D0088E9F2 /* Tip_Calculator */ = {
			isa = PBXGroup;
			children = (
				F817E7F821CF2B2D0088E9F2 /* AppDelegate.swift */,
				F817E7FA21CF2B2D0088E9F2 /* ViewController.swift */,
				F817E7FC21CF2B2D0088E9F2 /* Main.storyboard */,
				F817E7FF21CF2B2E0088E9F2 /* Assets.xcassets */,
				F817E80121CF2B2E0088E9F2 /* LaunchScreen.storyboard */,
				F817E80421CF2B2E0088E9F2 /* Info.plist */,
			);
			path = Tip_Calculator;
			sourceTree = "<group>";
		};
		F817E80C21CF2B2E0088E9F2 /* Tip_CalculatorTests */ = {
			isa = PBXGroup;
			children = (
				F817E80D21CF2B2E0088E9F2 /* Tip_CalculatorTests.swift */,
				F817E80F21CF2B2E0088E9F2 /* Info.plist */,
			);
			path = Tip_CalculatorTests;
			sourceTree = "<group>";
		};
		F817E81721CF2B2E0088E9F2 /* Tip_CalculatorUITests */ = {
			isa = PBXGroup;
			children = (
				F817E81821CF2B2E0088E9F2 /* Tip_CalculatorUITests.swift */,
				F817E81A21CF2B2E0088E9F2 /* Info.plist */,
			);
			path = Tip_CalculatorUITests;
			sourceTree = "<group>";
		};
/* End PBXGroup section */

/* Begin PBXNativeTarget section */
		F817E7F421CF2B2D0088E9F2 /* Tip_Calculator */ = {
			isa = PBXNativeTarget;
			buildConfigurationList = F817E81D21CF2B2E0088E9F2 /* Build configuration list for PBXNativeTarget "Tip_Calculator" */;
			buildPhases = (
				F817E7F121CF2B2D0088E9F2 /* Sources */,
				F817E7F221CF2B2D0088E9F2 /* Frameworks */,
				F817E7F321CF2B2D0088E9F2 /* Resources */,
			);
			buildRules = (
			);
			dependencies = (
			);
			name = Tip_Calculator;
			productName = Tip_Calculator;
			productReference = F817E7F521CF2B2D0088E9F2 /* Tip_Calculator.app */;
			productType = "com.apple.product-type.application";
		};
		F817E80821CF2B2E0088E9F2 /* Tip_CalculatorTests */ = {
			isa = PBXNativeTarget;
			buildConfigurationList = F817E82021CF2B2E0088E9F2 /* Build configuration list for PBXNativeTarget "Tip_CalculatorTests" */;
			buildPhases = (
				F817E80521CF2B2E0088E9F2 /* Sources */,
				F817E80621CF2B2E0088E9F2 /* Frameworks */,
				F817E80721CF2B2E0088E9F2 /* Resources */,
			);
			buildRules = (
			);
			dependencies = (
				F817E80B21CF2B2E0088E9F2 /* PBXTargetDependency */,
			);
			name = Tip_CalculatorTests;
			productName = Tip_CalculatorTests;
			productReference = F817E80921CF2B2E0088E9F2 /* Tip_CalculatorTests.xctest */;
			productType = "com.apple.product-type.bundle.unit-test";
		};
		F817E81321CF2B2E0088E9F2 /* Tip_CalculatorUITests */ = {
			isa = PBXNativeTarget;
			buildConfigurationList = F817E82321CF2B2E0088E9F2 /* Build configuration list for PBXNativeTarget "Tip_CalculatorUITests" */;
			buildPhases = (
				F817E81021CF2B2E0088E9F2 /* Sources */,
				F817E81121CF2B2E0088E9F2 /* Frameworks */,
				F817E81221CF2B2E0088E9F2 /* Resources */,
			);
			buildRules = (
			);
			dependencies = (
				F817E81621CF2B2E0088E9F2 /* PBXTargetDependency */,
			);
			name = Tip_CalculatorUITests;
			productName = Tip_CalculatorUITests;
			productReference = F817E81421CF2B2E0088E9F2 /* Tip_CalculatorUITests.xctest */;
			productType = "com.apple.product-type.bundle.ui-testing";
		};
/* End PBXNativeTarget section */

/* Begin PBXProject section */
		F817E7ED21CF2B2D0088E9F2 /* Project object */ = {
			isa = PBXProject;
			attributes = {
				LastSwiftUpdateCheck = 0940;
				LastUpgradeCheck = 0940;
				ORGANIZATIONNAME = "rohit sriram";
				TargetAttributes = {
					F817E7F421CF2B2D0088E9F2 = {
						CreatedOnToolsVersion = 9.4.1;
					};
					F817E80821CF2B2E0088E9F2 = {
						CreatedOnToolsVersion = 9.4.1;
						TestTargetID = F817E7F421CF2B2D0088E9F2;
					};
					F817E81321CF2B2E0088E9F2 = {
						CreatedOnToolsVersion = 9.4.1;
						TestTargetID = F817E7F421CF2B2D0088E9F2;
					};
				};
			};
			buildConfigurationList = F817E7F021CF2B2D0088E9F2 /* Build configuration list for PBXProject "Tip_Calculator" */;
			compatibilityVersion = "Xcode 9.3";
			developmentRegion = en;
			hasScannedForEncodings = 0;
			knownRegions = (
				en,
				Base,
			);
			mainGroup = F817E7EC21CF2B2D0088E9F2;
			productRefGroup = F817E7F621CF2B2D0088E9F2 /* Products */;
			projectDirPath = "";
			projectRoot = "";
			targets = (
				F817E7F421CF2B2D0088E9F2 /* Tip_Calculator */,
				F817E80821CF2B2E0088E9F2 /* Tip_CalculatorTests */,
				F817E81321CF2B2E0088E9F2 /* Tip_CalculatorUITests */,
			);
		};
/* End PBXProject section */

/* Begin PBXResourcesBuildPhase section */
		F817E7F321CF2B2D0088E9F2 /* Resources */ = {
			isa = PBXResourcesBuildPhase;
			buildActionMask = 2147483647;
			files = (
				F817E80321CF2B2E0088E9F2 /* LaunchScreen.storyboard in Resources */,
				F817E80021CF2B2E0088E9F2 /* Assets.xcassets in Resources */,
				F817E7FE21CF2B2D0088E9F2 /* Main.storyboard in Resources */,
			);
			runOnlyForDeploymentPostprocessing = 0;
		};
		F817E80721CF2B2E0088E9F2 /* Resources */ = {
			isa = PBXResourcesBuildPhase;
			buildActionMask = 2147483647;
			files = (
			);
			runOnlyForDeploymentPostprocessing = 0;
		};
		F817E81221CF2B2E0088E9F2 /* Resources */ = {
			isa = PBXResourcesBuildPhase;
			buildActionMask = 2147483647;
			files = (
			);
			runOnlyForDeploymentPostprocessing = 0;
		};
/* End PBXResourcesBuildPhase section */

/* Begin PBXSourcesBuildPhase section */
		F817E7F121CF2B2D0088E9F2 /* Sources */ = {
			isa = PBXSourcesBuildPhase;
			buildActionMask = 2147483647;
			files = (
				F817E7FB21CF2B2D0088E9F2 /* ViewController.swift in Sources */,
				F817E7F921CF2B2D0088E9F2 /* AppDelegate.swift in Sources */,
			);
			runOnlyForDeploymentPostprocessing = 0;
		};
		F817E80521CF2B2E0088E9F2 /* Sources */ = {
			isa = PBXSourcesBuildPhase;
			buildActionMask = 2147483647;
			files = (
				F817E80E21CF2B2E0088E9F2 /* Tip_CalculatorTests.swift in Sources */,
			);
			runOnlyForDeploymentPostprocessing = 0;
		};
		F817E81021CF2B2E0088E9F2 /* Sources */ = {
			isa = PBXSourcesBuildPhase;
			buildActionMask = 2147483647;
			files = (
				F817E81921CF2B2E0088E9F2 /* Tip_CalculatorUITests.swift in Sources */,
			);
			runOnlyForDeploymentPostprocessing = 0;
		};
/* End PBXSourcesBuildPhase section */

/* Begin PBXTargetDependency section */
		F817E80B21CF2B2E0088E9F2 /* PBXTargetDependency */ = {
			isa = PBXTargetDependency;
			target = F817E7F421CF2B2D0088E9F2 /* Tip_Calculator */;
			targetProxy = F817E80A21CF2B2E0088E9F2 /* PBXContainerItemProxy */;
		};
		F817E81621CF2B2E0088E9F2 /* PBXTargetDependency */ = {
			isa = PBXTargetDependency;
			target = F817E7F421CF2B2D0088E9F2 /* Tip_Calculator */;
			targetProxy = F817E81521CF2B2E0088E9F2 /* PBXContainerItemProxy */;
		};
/* End PBXTargetDependency section */

/* Begin PBXVariantGroup section */
		F817E7FC21CF2B2D0088E9F2 /* Main.storyboard */ = {
			isa = PBXVariantGroup;
			children = (
				F817E7FD21CF2B2D0088E9F2 /* Base */,
			);
			name = Main.storyboard;
			sourceTree = "<group>";
		};
		F817E80121CF2B2E0088E9F2 /* LaunchScreen.storyboard */ = {
			isa = PBXVariantGroup;
			children = (
				F817E80221CF2B2E0088E9F2 /* Base */,
			);
			name = LaunchScreen.storyboard;
			sourceTree = "<group>";
		};
/* End PBXVariantGroup section */

/* Begin XCBuildConfiguration section */
		F817E81B21CF2B2E0088E9F2 /* Debug */ = {
			isa = XCBuildConfiguration;
			buildSettings = {
				ALWAYS_SEARCH_USER_PATHS = NO;
				CLANG_ANALYZER_NONNULL = YES;
				CLANG_ANALYZER_NUMBER_OBJECT_CONVERSION = YES_AGGRESSIVE;
				CLANG_CXX_LANGUAGE_STANDARD = "gnu++14";
				CLANG_CXX_LIBRARY = "libc++";
				CLANG_ENABLE_MODULES = YES;
				CLANG_ENABLE_OBJC_ARC = YES;
				CLANG_ENABLE_OBJC_WEAK = YES;
				CLANG_WARN_BLOCK_CAPTURE_AUTORELEASING = YES;
				CLANG_WARN_BOOL_CONVERSION = YES;
				CLANG_WARN_COMMA = YES;
				CLANG_WARN_CONSTANT_CONVERSION = YES;
				CLANG_WARN_DEPRECATED_OBJC_IMPLEMENTATIONS = YES;
				CLANG_WARN_DIRECT_OBJC_ISA_USAGE = YES_ERROR;
				CLANG_WARN_DOCUMENTATION_COMMENTS = YES;
				CLANG_WARN_EMPTY_BODY = YES;
				CLANG_WARN_ENUM_CONVERSION = YES;
				CLANG_WARN_INFINITE_RECURSION = YES;
				CLANG_WARN_INT_CONVERSION = YES;
				CLANG_WARN_NON_LITERAL_NULL_CONVERSION = YES;
				CLANG_WARN_OBJC_IMPLICIT_RETAIN_SELF = YES;
				CLANG_WARN_OBJC_LITERAL_CONVERSION = YES;
				CLANG_WARN_OBJC_ROOT_CLASS = YES_ERROR;
				CLANG_WARN_RANGE_LOOP_ANALYSIS = YES;
				CLANG_WARN_STRICT_PROTOTYPES = YES;
				CLANG_WARN_SUSPICIOUS_MOVE = YES;
				CLANG_WARN_UNGUARDED_AVAILABILITY = YES_AGGRESSIVE;
				CLANG_WARN_UNREACHABLE_CODE = YES;
				CLANG_WARN__DUPLICATE_METHOD_MATCH = YES;
				CODE_SIGN_IDENTITY = "iPhone Developer";
				COPY_PHASE_STRIP = NO;
				DEBUG_INFORMATION_FORMAT = dwarf;
				ENABLE_STRICT_OBJC_MSGSEND = YES;
				ENABLE_TESTABILITY = YES;
				GCC_C_LANGUAGE_STANDARD = gnu11;
				GCC_DYNAMIC_NO_PIC = NO;
				GCC_NO_COMMON_BLOCKS = YES;
				GCC_OPTIMIZATION_LEVEL = 0;
				GCC_PREPROCESSOR_DEFINITIONS = (
					"DEBUG=1",
					"$(inherited)",
				);
				GCC_WARN_64_TO_32_BIT_CONVERSION = YES;
				GCC_WARN_ABOUT_RETURN_TYPE = YES_ERROR;
				GCC_WARN_UNDECLARED_SELECTOR = YES;
				GCC_WARN_UNINITIALIZED_AUTOS = YES_AGGRESSIVE;
				GCC_WARN_UNUSED_FUNCTION = YES;
				GCC_WARN_UNUSED_VARIABLE = YES;
				IPHONEOS_DEPLOYMENT_TARGET = 11.4;
				MTL_ENABLE_DEBUG_INFO = YES;
				ONLY_ACTIVE_ARCH = YES;
				SDKROOT = iphoneos;
				SWIFT_ACTIVE_COMPILATION_CONDITIONS = DEBUG;
				SWIFT_OPTIMIZATION_LEVEL = "-Onone";
			};
			name = Debug;
		};
		F817E81C21CF2B2E0088E9F2 /* Release */ = {
			isa = XCBuildConfiguration;
			buildSettings = {
				ALWAYS_SEARCH_USER_PATHS = NO;
				CLANG_ANALYZER_NONNULL = YES;
				CLANG_ANALYZER_NUMBER_OBJECT_CONVERSION = YES_AGGRESSIVE;
				CLANG_CXX_LANGUAGE_STANDARD = "gnu++14";
				CLANG_CXX_LIBRARY = "libc++";
				CLANG_ENABLE_MODULES = YES;
				CLANG_ENABLE_OBJC_ARC = YES;
				CLANG_ENABLE_OBJC_WEAK = YES;
				CLANG_WARN_BLOCK_CAPTURE_AUTORELEASING = YES;
				CLANG_WARN_BOOL_CONVERSION = YES;
				CLANG_WARN_COMMA = YES;
				CLANG_WARN_CONSTANT_CONVERSION = YES;
				CLANG_WARN_DEPRECATED_OBJC_IMPLEMENTATIONS = YES;
				CLANG_WARN_DIRECT_OBJC_ISA_USAGE = YES_ERROR;
				CLANG_WARN_DOCUMENTATION_COMMENTS = YES;
				CLANG_WARN_EMPTY_BODY = YES;
				CLANG_WARN_ENUM_CONVERSION = YES;
				CLANG_WARN_INFINITE_RECURSION = YES;
				CLANG_WARN_INT_CONVERSION = YES;
				CLANG_WARN_NON_LITERAL_NULL_CONVERSION = YES;
				CLANG_WARN_OBJC_IMPLICIT_RETAIN_SELF = YES;
				CLANG_WARN_OBJC_LITERAL_CONVERSION = YES;
				CLANG_WARN_OBJC_ROOT_CLASS = YES_ERROR;
				CLANG_WARN_RANGE_LOOP_ANALYSIS = YES;
				CLANG_WARN_STRICT_PROTOTYPES = YES;
				CLANG_WARN_SUSPICIOUS_MOVE = YES;
				CLANG_WARN_UNGUARDED_AVAILABILITY = YES_AGGRESSIVE;
				CLANG_WARN_UNREACHABLE_CODE = YES;
				CLANG_WARN__DUPLICATE_METHOD_MATCH = YES;
				CODE_SIGN_IDENTITY = "iPhone Developer";
				COPY_PHASE_STRIP = NO;
				DEBUG_INFORMATION_FORMAT = "dwarf-with-dsym";
				ENABLE_NS_ASSERTIONS = NO;
				ENABLE_STRICT_OBJC_MSGSEND = YES;
				GCC_C_LANGUAGE_STANDARD = gnu11;
				GCC_NO_COMMON_BLOCKS = YES;
				GCC_WARN_64_TO_32_BIT_CONVERSION = YES;
				GCC_WARN_ABOUT_RETURN_TYPE = YES_ERROR;
				GCC_WARN_UNDECLARED_SELECTOR = YES;
				GCC_WARN_UNINITIALIZED_AUTOS = YES_AGGRESSIVE;
				GCC_WARN_UNUSED_FUNCTION = YES;
				GCC_WARN_UNUSED_VARIABLE = YES;
				IPHONEOS_DEPLOYMENT_TARGET = 11.4;
				MTL_ENABLE_DEBUG_INFO = NO;
				SDKROOT = iphoneos;
				SWIFT_COMPILATION_MODE = wholemodule;
				SWIFT_OPTIMIZATION_LEVEL = "-O";
				VALIDATE_PRODUCT = YES;
			};
			name = Release;
		};
		F817E81E21CF2B2E0088E9F2 /* Debug */ = {
			isa = XCBuildConfiguration;
			buildSettings = {
				ASSETCATALOG_COMPILER_APPICON_NAME = AppIcon;
				CODE_SIGN_STYLE = Automatic;
				INFOPLIST_FILE = Tip_Calculator/Info.plist;
				LD_RUNPATH_SEARCH_PATHS = (
					"$(inherited)",
					"@executable_path/Frameworks",
				);
				PRODUCT_BUNDLE_IDENTIFIER = "CodePath.Tip-Calculator";
				PRODUCT_NAME = "$(TARGET_NAME)";
				SWIFT_VERSION = 4.0;
				TARGETED_DEVICE_FAMILY = "1,2";
			};
			name = Debug;
		};
		F817E81F21CF2B2E0088E9F2 /* Release */ = {
			isa = XCBuildConfiguration;
			buildSettings = {
				ASSETCATALOG_COMPILER_APPICON_NAME = AppIcon;
				CODE_SIGN_STYLE = Automatic;
				INFOPLIST_FILE = Tip_Calculator/Info.plist;
				LD_RUNPATH_SEARCH_PATHS = (
					"$(inherited)",
					"@executable_path/Frameworks",
				);
				PRODUCT_BUNDLE_IDENTIFIER = "CodePath.Tip-Calculator";
				PRODUCT_NAME = "$(TARGET_NAME)";
				SWIFT_VERSION = 4.0;
				TARGETED_DEVICE_FAMILY = "1,2";
			};
			name = Release;
		};
		F817E82121CF2B2E0088E9F2 /* Debug */ = {
			isa = XCBuildConfiguration;
			buildSettings = {
				ALWAYS_EMBED_SWIFT_STANDARD_LIBRARIES = YES;
				BUNDLE_LOADER = "$(TEST_HOST)";
				CODE_SIGN_STYLE = Automatic;
				INFOPLIST_FILE = Tip_CalculatorTests/Info.plist;
				LD_RUNPATH_SEARCH_PATHS = (
					"$(inherited)",
					"@executable_path/Frameworks",
					"@loader_path/Frameworks",
				);
				PRODUCT_BUNDLE_IDENTIFIER = "CodePath.Tip-CalculatorTests";
				PRODUCT_NAME = "$(TARGET_NAME)";
				SWIFT_VERSION = 4.0;
				TARGETED_DEVICE_FAMILY = "1,2";
				TEST_HOST = "$(BUILT_PRODUCTS_DIR)/Tip_Calculator.app/Tip_Calculator";
			};
			name = Debug;
		};
		F817E82221CF2B2E0088E9F2 /* Release */ = {
			isa = XCBuildConfiguration;
			buildSettings = {
				ALWAYS_EMBED_SWIFT_STANDARD_LIBRARIES = YES;
				BUNDLE_LOADER = "$(TEST_HOST)";
				CODE_SIGN_STYLE = Automatic;
				INFOPLIST_FILE = Tip_CalculatorTests/Info.plist;
				LD_RUNPATH_SEARCH_PATHS = (
					"$(inherited)",
					"@executable_path/Frameworks",
					"@loader_path/Frameworks",
				);
				PRODUCT_BUNDLE_IDENTIFIER = "CodePath.Tip-CalculatorTests";
				PRODUCT_NAME = "$(TARGET_NAME)";
				SWIFT_VERSION = 4.0;
				TARGETED_DEVICE_FAMILY = "1,2";
				TEST_HOST = "$(BUILT_PRODUCTS_DIR)/Tip_Calculator.app/Tip_Calculator";
			};
			name = Release;
		};
		F817E82421CF2B2E0088E9F2 /* Debug */ = {
			isa = XCBuildConfiguration;
			buildSettings = {
				ALWAYS_EMBED_SWIFT_STANDARD_LIBRARIES = YES;
				CODE_SIGN_STYLE = Automatic;
				INFOPLIST_FILE = Tip_CalculatorUITests/Info.plist;
				LD_RUNPATH_SEARCH_PATHS = (
					"$(inherited)",
					"@executable_path/Frameworks",
					"@loader_path/Frameworks",
				);
				PRODUCT_BUNDLE_IDENTIFIER = "CodePath.Tip-CalculatorUITests";
				PRODUCT_NAME = "$(TARGET_NAME)";
				SWIFT_VERSION = 4.0;
				TARGETED_DEVICE_FAMILY = "1,2";
				TEST_TARGET_NAME = Tip_Calculator;
			};
			name = Debug;
		};
		F817E82521CF2B2E0088E9F2 /* Release */ = {
			isa = XCBuildConfiguration;
			buildSettings = {
				ALWAYS_EMBED_SWIFT_STANDARD_LIBRARIES = YES;
				CODE_SIGN_STYLE = Automatic;
				INFOPLIST_FILE = Tip_CalculatorUITests/Info.plist;
				LD_RUNPATH_SEARCH_PATHS = (
					"$(inherited)",
					"@executable_path/Frameworks",
					"@loader_path/Frameworks",
				);
				PRODUCT_BUNDLE_IDENTIFIER = "CodePath.Tip-CalculatorUITests";
				PRODUCT_NAME = "$(TARGET_NAME)";
				SWIFT_VERSION = 4.0;
				TARGETED_DEVICE_FAMILY = "1,2";
				TEST_TARGET_NAME = Tip_Calculator;
			};
			name = Release;
		};
/* End XCBuildConfiguration section */

/* Begin XCConfigurationList section */
		F817E7F021CF2B2D0088E9F2 /* Build configuration list for PBXProject "Tip_Calculator" */ = {
			isa = XCConfigurationList;
			buildConfigurations = (
				F817E81B21CF2B2E0088E9F2 /* Debug */,
				F817E81C21CF2B2E0088E9F2 /* Release */,
			);
			defaultConfigurationIsVisible = 0;
			defaultConfigurationName = Release;
		};
		F817E81D21CF2B2E0088E9F2 /* Build configuration list for PBXNativeTarget "Tip_Calculator" */ = {
			isa = XCConfigurationList;
			buildConfigurations = (
				F817E81E21CF2B2E0088E9F2 /* Debug */,
				F817E81F21CF2B2E0088E9F2 /* Release */,
			);
			defaultConfigurationIsVisible = 0;
			defaultConfigurationName = Release;
		};
		F817E82021CF2B2E0088E9F2 /* Build configuration list for PBXNativeTarget "Tip_CalculatorTests" */ = {
			isa = XCConfigurationList;
			buildConfigurations = (
				F817E82121CF2B2E0088E9F2 /* Debug */,
				F817E82221CF2B2E0088E9F2 /* Release */,
			);
			defaultConfigurationIsVisible = 0;
			defaultConfigurationName = Release;
		};
		F817E82321CF2B2E0088E9F2 /* Build configuration list for PBXNativeTarget "Tip_CalculatorUITests" */ = {
			isa = XCConfigurationList;
			buildConfigurations = (
				F817E82421CF2B2E0088E9F2 /* Debug */,
				F817E82521CF2B2E0088E9F2 /* Release */,
			);
			defaultConfigurationIsVisible = 0;
			defaultConfigurationName = Release;
		};
/* End XCConfigurationList section */
	};
	rootObject = F817E7ED21CF2B2D0088E9F2 /* Project object */;
}
